
Microsoft Visual Studio Solution File, Format Version 12.00
# Visual Studio 2013
VisualStudioVersion = 12.0.31101.0
MinimumVisualStudioVersion = 10.0.40219.1
Project("{F14B399A-7131-4C87-9E4B-1186C45EF12D}") = "JitterReports", "JitterReports.rptproj", "{1CE317E3-9199-476E-9418-DF29E68FAF4C}"
EndProject
Global
	GlobalSection(SolutionConfigurationPlatforms) = preSolution
		Debug|Default = Debug|Default
		DebugLocal|Default = DebugLocal|Default
		Release|Default = Release|Default
	EndGlobalSection
	GlobalSection(ProjectConfigurationPlatforms) = postSolution
		{1CE317E3-9199-476E-9418-DF29E68FAF4C}.Debug|Default.ActiveCfg = Debug
		{1CE317E3-9199-476E-9418-DF29E68FAF4C}.Debug|Default.Build.0 = Debug
		{1CE317E3-9199-476E-9418-DF29E68FAF4C}.Debug|Default.Deploy.0 = Debug
		{1CE317E3-9199-476E-9418-DF29E68FAF4C}.DebugLocal|Default.ActiveCfg = DebugLocal
		{1CE317E3-9199-476E-9418-DF29E68FAF4C}.DebugLocal|Default.Build.0 = DebugLocal
		{1CE317E3-9199-476E-9418-DF29E68FAF4C}.Release|Default.ActiveCfg = Release
		{1CE317E3-9199-476E-9418-DF29E68FAF4C}.Release|Default.Build.0 = Release
		{1CE317E3-9199-476E-9418-DF29E68FAF4C}.Release|Default.Deploy.0 = Release
	EndGlobalSection
	GlobalSection(SolutionProperties) = preSolution
		HideSolutionNode = FALSE
	EndGlobalSection
EndGlobal
